// !$*UTF8*$!
{
	archiveVersion = 1;
	classes = {
	};
	objectVersion = 50;
	objects = {

/* Begin PBXBuildFile section */
		2F0107FFADBCB8B446525263 /* Pods_mvpWithSwift.framework in Frameworks */ = {isa = PBXBuildFile; fileRef = 9C0677B15D40B719CA94FC04 /* Pods_mvpWithSwift.framework */; };
		E1BAC9CE24016FCE0059E20D /* AppDelegate.swift in Sources */ = {isa = PBXBuildFile; fileRef = E1BAC9CD24016FCE0059E20D /* AppDelegate.swift */; };
		E1BAC9D224016FCE0059E20D /* ViewController.swift in Sources */ = {isa = PBXBuildFile; fileRef = E1BAC9D124016FCE0059E20D /* ViewController.swift */; };
		E1BAC9D724016FD00059E20D /* Assets.xcassets in Resources */ = {isa = PBXBuildFile; fileRef = E1BAC9D624016FD00059E20D /* Assets.xcassets */; };
		E1BAC9DA24016FD00059E20D /* LaunchScreen.storyboard in Resources */ = {isa = PBXBuildFile; fileRef = E1BAC9D824016FD00059E20D /* LaunchScreen.storyboard */; };
		E1BAC9E3240170DD0059E20D /* LoginViewController.swift in Sources */ = {isa = PBXBuildFile; fileRef = E1BAC9E2240170DD0059E20D /* LoginViewController.swift */; };
		E1BAC9E5240171510059E20D /* LoginViewController.xib in Resources */ = {isa = PBXBuildFile; fileRef = E1BAC9E4240171510059E20D /* LoginViewController.xib */; };
		E1BAC9E724017FD40059E20D /* LoginProtocol.swift in Sources */ = {isa = PBXBuildFile; fileRef = E1BAC9E624017FD40059E20D /* LoginProtocol.swift */; };
		E1BAC9E9240180D80059E20D /* LoginPresenter.swift in Sources */ = {isa = PBXBuildFile; fileRef = E1BAC9E8240180D80059E20D /* LoginPresenter.swift */; };
/* End PBXBuildFile section */

/* Begin PBXFileReference section */
		78706429F5781E58A7BE935C /* Pods-mvpWithSwift.debug.xcconfig */ = {isa = PBXFileReference; includeInIndex = 1; lastKnownFileType = text.xcconfig; name = "Pods-mvpWithSwift.debug.xcconfig"; path = "Target Support Files/Pods-mvpWithSwift/Pods-mvpWithSwift.debug.xcconfig"; sourceTree = "<group>"; };
		9C0677B15D40B719CA94FC04 /* Pods_mvpWithSwift.framework */ = {isa = PBXFileReference; explicitFileType = wrapper.framework; includeInIndex = 0; path = Pods_mvpWithSwift.framework; sourceTree = BUILT_PRODUCTS_DIR; };
		C826FD3846FC9337A8A1B8BF /* Pods-mvpWithSwift.release.xcconfig */ = {isa = PBXFileReference; includeInIndex = 1; lastKnownFileType = text.xcconfig; name = "Pods-mvpWithSwift.release.xcconfig"; path = "Target Support Files/Pods-mvpWithSwift/Pods-mvpWithSwift.release.xcconfig"; sourceTree = "<group>"; };
		E1BAC9CA24016FCE0059E20D /* mvpWithSwift.app */ = {isa = PBXFileReference; explicitFileType = wrapper.application; includeInIndex = 0; path = mvpWithSwift.app; sourceTree = BUILT_PRODUCTS_DIR; };
		E1BAC9CD24016FCE0059E20D /* AppDelegate.swift */ = {isa = PBXFileReference; lastKnownFileType = sourcecode.swift; path = AppDelegate.swift; sourceTree = "<group>"; };
		E1BAC9D124016FCE0059E20D /* ViewController.swift */ = {isa = PBXFileReference; lastKnownFileType = sourcecode.swift; path = ViewController.swift; sourceTree = "<group>"; };
		E1BAC9D624016FD00059E20D /* Assets.xcassets */ = {isa = PBXFileReference; lastKnownFileType = folder.assetcatalog; path = Assets.xcassets; sourceTree = "<group>"; };
		E1BAC9D924016FD00059E20D /* Base */ = {isa = PBXFileReference; lastKnownFileType = file.storyboard; name = Base; path = Base.lproj/LaunchScreen.storyboard; sourceTree = "<group>"; };
		E1BAC9DB24016FD00059E20D /* Info.plist */ = {isa = PBXFileReference; lastKnownFileType = text.plist.xml; path = Info.plist; sourceTree = "<group>"; };
		E1BAC9E2240170DD0059E20D /* LoginViewController.swift */ = {isa = PBXFileReference; lastKnownFileType = sourcecode.swift; path = LoginViewController.swift; sourceTree = "<group>"; };
		E1BAC9E4240171510059E20D /* LoginViewController.xib */ = {isa = PBXFileReference; lastKnownFileType = file.xib; path = LoginViewController.xib; sourceTree = "<group>"; };
		E1BAC9E624017FD40059E20D /* LoginProtocol.swift */ = {isa = PBXFileReference; lastKnownFileType = sourcecode.swift; path = LoginProtocol.swift; sourceTree = "<group>"; };
		E1BAC9E8240180D80059E20D /* LoginPresenter.swift */ = {isa = PBXFileReference; lastKnownFileType = sourcecode.swift; path = LoginPresenter.swift; sourceTree = "<group>"; };
/* End PBXFileReference section */

/* Begin PBXFrameworksBuildPhase section */
		E1BAC9C724016FCE0059E20D /* Frameworks */ = {
			isa = PBXFrameworksBuildPhase;
			buildActionMask = 2147483647;
			files = (
				2F0107FFADBCB8B446525263 /* Pods_mvpWithSwift.framework in Frameworks */,
			);
			runOnlyForDeploymentPostprocessing = 0;
		};
/* End PBXFrameworksBuildPhase section */

/* Begin PBXGroup section */
		1D6EA957F08AE95D1884827B /* Frameworks */ = {
			isa = PBXGroup;
			children = (
				9C0677B15D40B719CA94FC04 /* Pods_mvpWithSwift.framework */,
			);
			name = Frameworks;
			sourceTree = "<group>";
		};
		CAFA14C67EFFD9970CF3C728 /* Pods */ = {
			isa = PBXGroup;
			children = (
				78706429F5781E58A7BE935C /* Pods-mvpWithSwift.debug.xcconfig */,
				C826FD3846FC9337A8A1B8BF /* Pods-mvpWithSwift.release.xcconfig */,
			);
			path = Pods;
			sourceTree = "<group>";
		};
		E1BAC9C124016FCE0059E20D = {
			isa = PBXGroup;
			children = (
				E1BAC9CC24016FCE0059E20D /* mvpWithSwift */,
				E1BAC9CB24016FCE0059E20D /* Products */,
				CAFA14C67EFFD9970CF3C728 /* Pods */,
				1D6EA957F08AE95D1884827B /* Frameworks */,
			);
			sourceTree = "<group>";
		};
		E1BAC9CB24016FCE0059E20D /* Products */ = {
			isa = PBXGroup;
			children = (
				E1BAC9CA24016FCE0059E20D /* mvpWithSwift.app */,
			);
			name = Products;
			sourceTree = "<group>";
		};
		E1BAC9CC24016FCE0059E20D /* mvpWithSwift */ = {
			isa = PBXGroup;
			children = (
				E1BAC9E1240170CB0059E20D /* Login */,
				E1BAC9CD24016FCE0059E20D /* AppDelegate.swift */,
				E1BAC9D124016FCE0059E20D /* ViewController.swift */,
				E1BAC9D624016FD00059E20D /* Assets.xcassets */,
				E1BAC9D824016FD00059E20D /* LaunchScreen.storyboard */,
				E1BAC9DB24016FD00059E20D /* Info.plist */,
			);
			path = mvpWithSwift;
			sourceTree = "<group>";
		};
		E1BAC9E1240170CB0059E20D /* Login */ = {
			isa = PBXGroup;
			children = (
				E1BAC9E2240170DD0059E20D /* LoginViewController.swift */,
				E1BAC9E4240171510059E20D /* LoginViewController.xib */,
				E1BAC9E624017FD40059E20D /* LoginProtocol.swift */,
				E1BAC9E8240180D80059E20D /* LoginPresenter.swift */,
			);
			path = Login;
			sourceTree = "<group>";
		};
/* End PBXGroup section */

/* Begin PBXNativeTarget section */
		E1BAC9C924016FCE0059E20D /* mvpWithSwift */ = {
			isa = PBXNativeTarget;
			buildConfigurationList = E1BAC9DE24016FD00059E20D /* Build configuration list for PBXNativeTarget "mvpWithSwift" */;
			buildPhases = (
				A8F6C31E953C43A99300A2D3 /* [CP] Check Pods Manifest.lock */,
				E1BAC9C624016FCE0059E20D /* Sources */,
				E1BAC9C724016FCE0059E20D /* Frameworks */,
				E1BAC9C824016FCE0059E20D /* Resources */,
			);
			buildRules = (
			);
			dependencies = (
			);
			name = mvpWithSwift;
			productName = mvpWithSwift;
			productReference = E1BAC9CA24016FCE0059E20D /* mvpWithSwift.app */;
			productType = "com.apple.product-type.application";
		};
/* End PBXNativeTarget section */

/* Begin PBXProject section */
		E1BAC9C224016FCE0059E20D /* Project object */ = {
			isa = PBXProject;
			attributes = {
				LastSwiftUpdateCheck = 1130;
				LastUpgradeCheck = 1130;
				ORGANIZATIONNAME = "Juan Martinez";
				TargetAttributes = {
					E1BAC9C924016FCE0059E20D = {
						CreatedOnToolsVersion = 11.3.1;
					};
				};
			};
			buildConfigurationList = E1BAC9C524016FCE0059E20D /* Build configuration list for PBXProject "mvpWithSwift" */;
			compatibilityVersion = "Xcode 9.3";
			developmentRegion = en;
			hasScannedForEncodings = 0;
			knownRegions = (
				en,
				Base,
			);
			mainGroup = E1BAC9C124016FCE0059E20D;
			productRefGroup = E1BAC9CB24016FCE0059E20D /* Products */;
			projectDirPath = "";
			projectRoot = "";
			targets = (
				E1BAC9C924016FCE0059E20D /* mvpWithSwift */,
			);
		};
/* End PBXProject section */

/* Begin PBXResourcesBuildPhase section */
		E1BAC9C824016FCE0059E20D /* Resources */ = {
			isa = PBXResourcesBuildPhase;
			buildActionMask = 2147483647;
			files = (
				E1BAC9E5240171510059E20D /* LoginViewController.xib in Resources */,
				E1BAC9DA24016FD00059E20D /* LaunchScreen.storyboard in Resources */,
				E1BAC9D724016FD00059E20D /* Assets.xcassets in Resources */,
			);
			runOnlyForDeploymentPostprocessing = 0;
		};
/* End PBXResourcesBuildPhase section */

/* Begin PBXShellScriptBuildPhase section */
		A8F6C31E953C43A99300A2D3 /* [CP] Check Pods Manifest.lock */ = {
			isa = PBXShellScriptBuildPhase;
			buildActionMask = 2147483647;
			files = (
			);
			inputFileListPaths = (
			);
			inputPaths = (
				"${PODS_PODFILE_DIR_PATH}/Podfile.lock",
				"${PODS_ROOT}/Manifest.lock",
			);
			name = "[CP] Check Pods Manifest.lock";
			outputFileListPaths = (
			);
			outputPaths = (
				"$(DERIVED_FILE_DIR)/Pods-mvpWithSwift-checkManifestLockResult.txt",
			);
			runOnlyForDeploymentPostprocessing = 0;
			shellPath = /bin/sh;
			shellScript = "diff \"${PODS_PODFILE_DIR_PATH}/Podfile.lock\" \"${PODS_ROOT}/Manifest.lock\" > /dev/null\nif [ $? != 0 ] ; then\n    # print error to STDERR\n    echo \"error: The sandbox is not in sync with the Podfile.lock. Run 'pod install' or update your CocoaPods installation.\" >&2\n    exit 1\nfi\n# This output is used by Xcode 'outputs' to avoid re-running this script phase.\necho \"SUCCESS\" > \"${SCRIPT_OUTPUT_FILE_0}\"\n";
			showEnvVarsInLog = 0;
		};
/* End PBXShellScriptBuildPhase section */

/* Begin PBXSourcesBuildPhase section */
		E1BAC9C624016FCE0059E20D /* Sources */ = {
			isa = PBXSourcesBuildPhase;
			buildActionMask = 2147483647;
			files = (
				E1BAC9D224016FCE0059E20D /* ViewController.swift in Sources */,
				E1BAC9E724017FD40059E20D /* LoginProtocol.swift in Sources */,
				E1BAC9CE24016FCE0059E20D /* AppDelegate.swift in Sources */,
				E1BAC9E3240170DD0059E20D /* LoginViewController.swift in Sources */,
				E1BAC9E9240180D80059E20D /* LoginPresenter.swift in Sources */,
			);
			runOnlyForDeploymentPostprocessing = 0;
		};
/* End PBXSourcesBuildPhase section */

/* Begin PBXVariantGroup section */
		E1BAC9D824016FD00059E20D /* LaunchScreen.storyboard */ = {
			isa = PBXVariantGroup;
			children = (
				E1BAC9D924016FD00059E20D /* Base */,
			);
			name = LaunchScreen.storyboard;
			sourceTree = "<group>";
		};
/* End PBXVariantGroup section */

/* Begin XCBuildConfiguration section */
		E1BAC9DC24016FD00059E20D /* Debug */ = {
			isa = XCBuildConfiguration;
			buildSettings = {
				ALWAYS_SEARCH_USER_PATHS = NO;
				CLANG_ANALYZER_NONNULL = YES;
				CLANG_ANALYZER_NUMBER_OBJECT_CONVERSION = YES_AGGRESSIVE;
				CLANG_CXX_LANGUAGE_STANDARD = "gnu++14";
				CLANG_CXX_LIBRARY = "libc++";
				CLANG_ENABLE_MODULES = YES;
				CLANG_ENABLE_OBJC_ARC = YES;
				CLANG_ENABLE_OBJC_WEAK = YES;
				CLANG_WARN_BLOCK_CAPTURE_AUTORELEASING = YES;
				CLANG_WARN_BOOL_CONVERSION = YES;
				CLANG_WARN_COMMA = YES;
				CLANG_WARN_CONSTANT_CONVERSION = YES;
				CLANG_WARN_DEPRECATED_OBJC_IMPLEMENTATIONS = YES;
				CLANG_WARN_DIRECT_OBJC_ISA_USAGE = YES_ERROR;
				CLANG_WARN_DOCUMENTATION_COMMENTS = YES;
				CLANG_WARN_EMPTY_BODY = YES;
				CLANG_WARN_ENUM_CONVERSION = YES;
				CLANG_WARN_INFINITE_RECURSION = YES;
				CLANG_WARN_INT_CONVERSION = YES;
				CLANG_WARN_NON_LITERAL_NULL_CONVERSION = YES;
				CLANG_WARN_OBJC_IMPLICIT_RETAIN_SELF = YES;
				CLANG_WARN_OBJC_LITERAL_CONVERSION = YES;
				CLANG_WARN_OBJC_ROOT_CLASS = YES_ERROR;
				CLANG_WARN_RANGE_LOOP_ANALYSIS = YES;
				CLANG_WARN_STRICT_PROTOTYPES = YES;
				CLANG_WARN_SUSPICIOUS_MOVE = YES;
				CLANG_WARN_UNGUARDED_AVAILABILITY = YES_AGGRESSIVE;
				CLANG_WARN_UNREACHABLE_CODE = YES;
				CLANG_WARN__DUPLICATE_METHOD_MATCH = YES;
				COPY_PHASE_STRIP = NO;
				DEBUG_INFORMATION_FORMAT = dwarf;
				ENABLE_STRICT_OBJC_MSGSEND = YES;
				ENABLE_TESTABILITY = YES;
				GCC_C_LANGUAGE_STANDARD = gnu11;
				GCC_DYNAMIC_NO_PIC = NO;
				GCC_NO_COMMON_BLOCKS = YES;
				GCC_OPTIMIZATION_LEVEL = 0;
				GCC_PREPROCESSOR_DEFINITIONS = (
					"DEBUG=1",
					"$(inherited)",
				);
				GCC_WARN_64_TO_32_BIT_CONVERSION = YES;
				GCC_WARN_ABOUT_RETURN_TYPE = YES_ERROR;
				GCC_WARN_UNDECLARED_SELECTOR = YES;
				GCC_WARN_UNINITIALIZED_AUTOS = YES_AGGRESSIVE;
				GCC_WARN_UNUSED_FUNCTION = YES;
				GCC_WARN_UNUSED_VARIABLE = YES;
				IPHONEOS_DEPLOYMENT_TARGET = 13.2;
				MTL_ENABLE_DEBUG_INFO = INCLUDE_SOURCE;
				MTL_FAST_MATH = YES;
				ONLY_ACTIVE_ARCH = YES;
				SDKROOT = iphoneos;
				SWIFT_ACTIVE_COMPILATION_CONDITIONS = DEBUG;
				SWIFT_OPTIMIZATION_LEVEL = "-Onone";
			};
			name = Debug;
		};
		E1BAC9DD24016FD00059E20D /* Release */ = {
			isa = XCBuildConfiguration;
			buildSettings = {
				ALWAYS_SEARCH_USER_PATHS = NO;
				CLANG_ANALYZER_NONNULL = YES;
				CLANG_ANALYZER_NUMBER_OBJECT_CONVERSION = YES_AGGRESSIVE;
				CLANG_CXX_LANGUAGE_STANDARD = "gnu++14";
				CLANG_CXX_LIBRARY = "libc++";
				CLANG_ENABLE_MODULES = YES;
				CLANG_ENABLE_OBJC_ARC = YES;
				CLANG_ENABLE_OBJC_WEAK = YES;
				CLANG_WARN_BLOCK_CAPTURE_AUTORELEASING = YES;
				CLANG_WARN_BOOL_CONVERSION = YES;
				CLANG_WARN_COMMA = YES;
				CLANG_WARN_CONSTANT_CONVERSION = YES;
				CLANG_WARN_DEPRECATED_OBJC_IMPLEMENTATIONS = YES;
				CLANG_WARN_DIRECT_OBJC_ISA_USAGE = YES_ERROR;
				CLANG_WARN_DOCUMENTATION_COMMENTS = YES;
				CLANG_WARN_EMPTY_BODY = YES;
				CLANG_WARN_ENUM_CONVERSION = YES;
				CLANG_WARN_INFINITE_RECURSION = YES;
				CLANG_WARN_INT_CONVERSION = YES;
				CLANG_WARN_NON_LITERAL_NULL_CONVERSION = YES;
				CLANG_WARN_OBJC_IMPLICIT_RETAIN_SELF = YES;
				CLANG_WARN_OBJC_LITERAL_CONVERSION = YES;
				CLANG_WARN_OBJC_ROOT_CLASS = YES_ERROR;
				CLANG_WARN_RANGE_LOOP_ANALYSIS = YES;
				CLANG_WARN_STRICT_PROTOTYPES = YES;
				CLANG_WARN_SUSPICIOUS_MOVE = YES;
				CLANG_WARN_UNGUARDED_AVAILABILITY = YES_AGGRESSIVE;
				CLANG_WARN_UNREACHABLE_CODE = YES;
				CLANG_WARN__DUPLICATE_METHOD_MATCH = YES;
				COPY_PHASE_STRIP = NO;
				DEBUG_INFORMATION_FORMAT = "dwarf-with-dsym";
				ENABLE_NS_ASSERTIONS = NO;
				ENABLE_STRICT_OBJC_MSGSEND = YES;
				GCC_C_LANGUAGE_STANDARD = gnu11;
				GCC_NO_COMMON_BLOCKS = YES;
				GCC_WARN_64_TO_32_BIT_CONVERSION = YES;
				GCC_WARN_ABOUT_RETURN_TYPE = YES_ERROR;
				GCC_WARN_UNDECLARED_SELECTOR = YES;
				GCC_WARN_UNINITIALIZED_AUTOS = YES_AGGRESSIVE;
				GCC_WARN_UNUSED_FUNCTION = YES;
				GCC_WARN_UNUSED_VARIABLE = YES;
				IPHONEOS_DEPLOYMENT_TARGET = 13.2;
				MTL_ENABLE_DEBUG_INFO = NO;
				MTL_FAST_MATH = YES;
				SDKROOT = iphoneos;
				SWIFT_COMPILATION_MODE = wholemodule;
				SWIFT_OPTIMIZATION_LEVEL = "-O";
				VALIDATE_PRODUCT = YES;
			};
			name = Release;
		};
		E1BAC9DF24016FD00059E20D /* Debug */ = {
			isa = XCBuildConfiguration;
			baseConfigurationReference = 78706429F5781E58A7BE935C /* Pods-mvpWithSwift.debug.xcconfig */;
			buildSettings = {
				ASSETCATALOG_COMPILER_APPICON_NAME = AppIcon;
				CODE_SIGN_STYLE = Automatic;
				DEVELOPMENT_TEAM = C2T49FRKQ6;
				INFOPLIST_FILE = mvpWithSwift/Info.plist;
				LD_RUNPATH_SEARCH_PATHS = (
					"$(inherited)",
					"@executable_path/Frameworks",
				);
				PRODUCT_BUNDLE_IDENTIFIER = wiseDevelop.mvpWithSwift;
				PRODUCT_NAME = "$(TARGET_NAME)";
				SWIFT_VERSION = 5.0;
				TARGETED_DEVICE_FAMILY = "1,2";
			};
			name = Debug;
		};
		E1BAC9E024016FD00059E20D /* Release */ = {
			isa = XCBuildConfiguration;
			baseConfigurationReference = C826FD3846FC9337A8A1B8BF /* Pods-mvpWithSwift.release.xcconfig */;
			buildSettings = {
				ASSETCATALOG_COMPILER_APPICON_NAME = AppIcon;
				CODE_SIGN_STYLE = Automatic;
				DEVELOPMENT_TEAM = C2T49FRKQ6;
				INFOPLIST_FILE = mvpWithSwift/Info.plist;
				LD_RUNPATH_SEARCH_PATHS = (
					"$(inherited)",
					"@executable_path/Frameworks",
				);
				PRODUCT_BUNDLE_IDENTIFIER = wiseDevelop.mvpWithSwift;
				PRODUCT_NAME = "$(TARGET_NAME)";
				SWIFT_VERSION = 5.0;
				TARGETED_DEVICE_FAMILY = "1,2";
			};
			name = Release;
		};
/* End XCBuildConfiguration section */

/* Begin XCConfigurationList section */
		E1BAC9C524016FCE0059E20D /* Build configuration list for PBXProject "mvpWithSwift" */ = {
			isa = XCConfigurationList;
			buildConfigurations = (
				E1BAC9DC24016FD00059E20D /* Debug */,
				E1BAC9DD24016FD00059E20D /* Release */,
			);
			defaultConfigurationIsVisible = 0;
			defaultConfigurationName = Release;
		};
		E1BAC9DE24016FD00059E20D /* Build configuration list for PBXNativeTarget "mvpWithSwift" */ = {
			isa = XCConfigurationList;
			buildConfigurations = (
				E1BAC9DF24016FD00059E20D /* Debug */,
				E1BAC9E024016FD00059E20D /* Release */,
			);
			defaultConfigurationIsVisible = 0;
			defaultConfigurationName = Release;
		};
/* End XCConfigurationList section */
	};
	rootObject = E1BAC9C224016FCE0059E20D /* Project object */;
}
